
Microsoft Visual Studio Solution File, Format Version 12.00
# Visual Studio Version 17
VisualStudioVersion = 17.4.33213.308
MinimumVisualStudioVersion = 10.0.40219.1
Project("{9A19103F-16F7-4668-BE54-9A1E7A4F7556}") = "BrouwerService", "BrouwerService\BrouwerService.csproj", "{B80C507C-7BF5-46D2-9096-5A9705EE5678}"
EndProject
Project("{9A19103F-16F7-4668-BE54-9A1E7A4F7556}") = "BrouwerClient", "BrouwerClient\BrouwerClient.csproj", "{97160871-7A06-4BDD-A7B4-6B3932B62C52}"
EndProject
Project("{9A19103F-16F7-4668-BE54-9A1E7A4F7556}") = "BrouwerWebApp", "BrouwerWebApp\BrouwerWebApp.csproj", "{331FA309-DFAD-4587-8DDB-6CE4F535A1CA}"
EndProject
Project("{FAE04EC0-301F-11D3-BF4B-00C04F79EFBC}") = "MinimalBrouwerService", "MinimalBrouwerService\MinimalBrouwerService.csproj", "{3C907718-2CFC-4C0C-9EAE-EEC09DF11747}"
EndProject
Global
	GlobalSection(SolutionConfigurationPlatforms) = preSolution
		Debug|Any CPU = Debug|Any CPU
		Release|Any CPU = Release|Any CPU
	EndGlobalSection
	GlobalSection(ProjectConfigurationPlatforms) = postSolution
		{B80C507C-7BF5-46D2-9096-5A9705EE5678}.Debug|Any CPU.ActiveCfg = Debug|Any CPU
		{B80C507C-7BF5-46D2-9096-5A9705EE5678}.Debug|Any CPU.Build.0 = Debug|Any CPU
		{B80C507C-7BF5-46D2-9096-5A9705EE5678}.Release|Any CPU.ActiveCfg = Release|Any CPU
		{B80C507C-7BF5-46D2-9096-5A9705EE5678}.Release|Any CPU.Build.0 = Release|Any CPU
		{97160871-7A06-4BDD-A7B4-6B3932B62C52}.Debug|Any CPU.ActiveCfg = Debug|Any CPU
		{97160871-7A06-4BDD-A7B4-6B3932B62C52}.Debug|Any CPU.Build.0 = Debug|Any CPU
		{97160871-7A06-4BDD-A7B4-6B3932B62C52}.Release|Any CPU.ActiveCfg = Release|Any CPU
		{97160871-7A06-4BDD-A7B4-6B3932B62C52}.Release|Any CPU.Build.0 = Release|Any CPU
		{331FA309-DFAD-4587-8DDB-6CE4F535A1CA}.Debug|Any CPU.ActiveCfg = Debug|Any CPU
		{331FA309-DFAD-4587-8DDB-6CE4F535A1CA}.Debug|Any CPU.Build.0 = Debug|Any CPU
		{331FA309-DFAD-4587-8DDB-6CE4F535A1CA}.Release|Any CPU.ActiveCfg = Release|Any CPU
		{331FA309-DFAD-4587-8DDB-6CE4F535A1CA}.Release|Any CPU.Build.0 = Release|Any CPU
		{3C907718-2CFC-4C0C-9EAE-EEC09DF11747}.Debug|Any CPU.ActiveCfg = Debug|Any CPU
		{3C907718-2CFC-4C0C-9EAE-EEC09DF11747}.Debug|Any CPU.Build.0 = Debug|Any CPU
		{3C907718-2CFC-4C0C-9EAE-EEC09DF11747}.Release|Any CPU.ActiveCfg = Release|Any CPU
		{3C907718-2CFC-4C0C-9EAE-EEC09DF11747}.Release|Any CPU.Build.0 = Release|Any CPU
	EndGlobalSection
	GlobalSection(SolutionProperties) = preSolution
		HideSolutionNode = FALSE
	EndGlobalSection
	GlobalSection(ExtensibilityGlobals) = postSolution
		SolutionGuid = {CB5DD2BD-3990-4575-899E-2BEBFF6EF0D8}
	EndGlobalSection
EndGlobal
